
Microsoft Visual Studio Solution File, Format Version 12.00
# Visual Studio Version 16
VisualStudioVersion = 16.0.29806.167
MinimumVisualStudioVersion = 10.0.40219.1
Project("{9A19103F-16F7-4668-BE54-9A1E7A4F7556}") = "OceanOfCode", "OceanOfCode\OceanOfCode.csproj", "{B94AFAB3-C1C9-44B3-9F51-B6D841B474AF}"
EndProject
Project("{FAE04EC0-301F-11D3-BF4B-00C04F79EFBC}") = "Tests", "Tests\Tests.csproj", "{7974F712-B7C1-4E91-80F5-701FEE5294AB}"
EndProject
Global
	GlobalSection(SolutionConfigurationPlatforms) = preSolution
		Debug|Any CPU = Debug|Any CPU
		Release|Any CPU = Release|Any CPU
	EndGlobalSection
	GlobalSection(ProjectConfigurationPlatforms) = postSolution
		{B94AFAB3-C1C9-44B3-9F51-B6D841B474AF}.Debug|Any CPU.ActiveCfg = Debug|Any CPU
		{B94AFAB3-C1C9-44B3-9F51-B6D841B474AF}.Debug|Any CPU.Build.0 = Debug|Any CPU
		{B94AFAB3-C1C9-44B3-9F51-B6D841B474AF}.Release|Any CPU.ActiveCfg = Release|Any CPU
		{B94AFAB3-C1C9-44B3-9F51-B6D841B474AF}.Release|Any CPU.Build.0 = Release|Any CPU
		{7974F712-B7C1-4E91-80F5-701FEE5294AB}.Debug|Any CPU.ActiveCfg = Debug|Any CPU
		{7974F712-B7C1-4E91-80F5-701FEE5294AB}.Debug|Any CPU.Build.0 = Debug|Any CPU
		{7974F712-B7C1-4E91-80F5-701FEE5294AB}.Release|Any CPU.ActiveCfg = Release|Any CPU
		{7974F712-B7C1-4E91-80F5-701FEE5294AB}.Release|Any CPU.Build.0 = Release|Any CPU
	EndGlobalSection
	GlobalSection(SolutionProperties) = preSolution
		HideSolutionNode = FALSE
	EndGlobalSection
	GlobalSection(ExtensibilityGlobals) = postSolution
		SolutionGuid = {8A2F78E5-9DF7-485B-8F74-D734502664BC}
	EndGlobalSection
EndGlobal
